
Microsoft Visual Studio Solution File, Format Version 12.00
# Visual Studio Version 16
VisualStudioVersion = 16.0.28803.156
MinimumVisualStudioVersion = 10.0.40219.1
Project("{9A19103F-16F7-4668-BE54-9A1E7A4F7556}") = "WebApiCoreFx", "BaseFrameworkDemo\WebApiCoreFx\WebApiCoreFx.csproj", "{9779389E-AF42-4610-B3FC-A62A91FF6DE8}"
EndProject
Project("{9A19103F-16F7-4668-BE54-9A1E7A4F7556}") = "DBLayer", "BaseFrameworkDemo\DBLayer\DBLayer.csproj", "{812DD75E-BA30-49E6-8567-A0A22430D016}"
EndProject
Project("{9A19103F-16F7-4668-BE54-9A1E7A4F7556}") = "IDBLayer", "BaseFrameworkDemo\IDBLayer\IDBLayer.csproj", "{BCBCBBA2-6048-42A7-AEEF-E0344E8FC647}"
EndProject
Project("{9A19103F-16F7-4668-BE54-9A1E7A4F7556}") = "DBModel", "BaseFrameworkDemo\DBModel\DBModel.csproj", "{2AC512A4-E77D-49CF-A7FD-C62EF6AE0BA2}"
EndProject
Project("{9A19103F-16F7-4668-BE54-9A1E7A4F7556}") = "ILogicLayer", "BaseFrameworkDemo\ILogicLayer\ILogicLayer.csproj", "{54B0F8F7-AE25-4640-B325-ABDA6DD0B6CD}"
EndProject
Project("{9A19103F-16F7-4668-BE54-9A1E7A4F7556}") = "LogicLayer", "BaseFrameworkDemo\LogicLayer\LogicLayer.csproj", "{CE882FD3-88F5-4E24-8338-BB6FDDB64913}"
EndProject
Project("{9A19103F-16F7-4668-BE54-9A1E7A4F7556}") = "Ocelot.GatewayProj", "BaseFrameworkDemo\Ocelot.GatewayProj\Ocelot.GatewayProj.csproj", "{67A8E82B-6682-4EC8-B949-8D013FBB1A0D}"
EndProject
Project("{9A19103F-16F7-4668-BE54-9A1E7A4F7556}") = "UserCenterApi", "BaseFrameworkDemo\UserCenterApi\UserCenterApi.csproj", "{B4376C45-A186-4257-9907-FFF639056678}"
EndProject
Project("{2150E333-8FDC-42A3-9474-1A3956D46DE8}") = "Surging", "Surging", "{0348CDF2-A936-4020-9CA9-653C064AFCD1}"
EndProject
Project("{9A19103F-16F7-4668-BE54-9A1E7A4F7556}") = "Surging.DBModel", "Surging\Surging.DBModel\Surging.DBModel.csproj", "{87555964-FC14-4A5C-AED1-C35936554E5E}"
EndProject
Project("{9A19103F-16F7-4668-BE54-9A1E7A4F7556}") = "Surging.TestDemo.IModuleService", "Surging\Surging.TestDemo.IModuleService\Surging.TestDemo.IModuleService.csproj", "{D8CE4B8B-92C2-4F99-AC6D-D52A9A635C72}"
EndProject
Project("{9A19103F-16F7-4668-BE54-9A1E7A4F7556}") = "Surging.TestDemo.ModuleService", "Surging\Surging.TestDemo.ModuleService\Surging.TestDemo.ModuleService.csproj", "{E5FF498D-FB94-467C-9081-A681ED85FDB4}"
EndProject
Project("{9A19103F-16F7-4668-BE54-9A1E7A4F7556}") = "Surging.IDbRepository", "Surging\Surging.IDbRepository\Surging.IDbRepository.csproj", "{C61ABAEF-4E8C-43E2-AECA-748F1DDD27A0}"
EndProject
Project("{9A19103F-16F7-4668-BE54-9A1E7A4F7556}") = "Surging.EFCore.DbRepository", "Surging\Surging.DbRepository\Surging.EFCore.DbRepository.csproj", "{DD92E0C2-0CC5-4949-BF17-11219DCA0DC6}"
EndProject
Project("{9A19103F-16F7-4668-BE54-9A1E7A4F7556}") = "Surging.TestDemo.Server", "Surging\Surging.TestDemo.Server\Surging.TestDemo.Server.csproj", "{C26F159B-A146-4D0D-A148-704136A1B4C6}"
EndProject
Project("{2150E333-8FDC-42A3-9474-1A3956D46DE8}") = "BaseFrameworkDemo", "BaseFrameworkDemo", "{11542472-2BF1-4DB8-A124-CE15545BF6C9}"
EndProject
Project("{9A19103F-16F7-4668-BE54-9A1E7A4F7556}") = "Surging.SqlSugar.DbRepository", "Surging\Surging.SqlSugar.DbRepository\Surging.SqlSugar.DbRepository.csproj", "{7F0C4D9C-096C-46C4-85A0-CBD94616D677}"
EndProject
Project("{2150E333-8FDC-42A3-9474-1A3956D46DE8}") = "ORM_Demo", "ORM_Demo", "{1E8B5FBB-0FF3-4108-AE9F-E1E95A26F4DF}"
EndProject
Project("{9A19103F-16F7-4668-BE54-9A1E7A4F7556}") = "DBRepository.Model", "DotnetCore3WebApi\DBRepository.Model\DBRepository.Model.csproj", "{DAB49AE0-790B-4A23-AE90-94F604094249}"
EndProject
Project("{9A19103F-16F7-4668-BE54-9A1E7A4F7556}") = "IRepository", "DotnetCore3WebApi\IRepository\IRepository.csproj", "{A9C898E4-18CB-4DAE-BCB2-6FC9BDD807F3}"
EndProject
Project("{9A19103F-16F7-4668-BE54-9A1E7A4F7556}") = "Linq2DB.Repository", "DotnetCore3WebApi\Linq2DB.Repository\Linq2DB.Repository.csproj", "{1BAE6447-F425-4D9D-A04A-B79A1EF983AB}"
EndProject
Project("{9A19103F-16F7-4668-BE54-9A1E7A4F7556}") = "ORMTest", "DotnetCore3WebApi\ORMTest\ORMTest.csproj", "{B805CC1A-52A8-4988-A844-6B2FFC6A381E}"
EndProject
Project("{9A19103F-16F7-4668-BE54-9A1E7A4F7556}") = "DapperTest", "DotnetCore3WebApi\DapperTest\DapperTest.csproj", "{A07E57ED-FFF7-4A2E-9D84-9CFCBD4251AD}"
EndProject
Project("{9A19103F-16F7-4668-BE54-9A1E7A4F7556}") = "EFCoreTest", "DotnetCore3WebApi\EFCoreTest\EFCoreTest.csproj", "{5A898EE8-64FF-48B9-9CCE-9125D0B31A76}"
EndProject
Project("{9A19103F-16F7-4668-BE54-9A1E7A4F7556}") = "SqlSugar.Repository", "DotnetCore3WebApi\SqlSugar.Repository\SqlSugar.Repository.csproj", "{1E56E467-CFE4-47C3-9FA5-F765340CB74B}"
EndProject
Project("{9A19103F-16F7-4668-BE54-9A1E7A4F7556}") = "AopDLL", "BaseFrameworkDemo\AopDLL\AopDLL.csproj", "{D4649ACA-723A-40D2-AFDE-0CF1B2225BA9}"
EndProject
Project("{FAE04EC0-301F-11D3-BF4B-00C04F79EFBC}") = "CustomizeMiddleware", "BaseFrameworkDemo\CustomizeMiddleware\CustomizeMiddleware.csproj", "{07477902-5389-4C92-AA57-4B8767DF8FDD}"
EndProject
Global
	GlobalSection(SolutionConfigurationPlatforms) = preSolution
		Debug|Any CPU = Debug|Any CPU
		Release|Any CPU = Release|Any CPU
	EndGlobalSection
	GlobalSection(ProjectConfigurationPlatforms) = postSolution
		{9779389E-AF42-4610-B3FC-A62A91FF6DE8}.Debug|Any CPU.ActiveCfg = Debug|Any CPU
		{9779389E-AF42-4610-B3FC-A62A91FF6DE8}.Debug|Any CPU.Build.0 = Debug|Any CPU
		{9779389E-AF42-4610-B3FC-A62A91FF6DE8}.Release|Any CPU.ActiveCfg = Release|Any CPU
		{9779389E-AF42-4610-B3FC-A62A91FF6DE8}.Release|Any CPU.Build.0 = Release|Any CPU
		{812DD75E-BA30-49E6-8567-A0A22430D016}.Debug|Any CPU.ActiveCfg = Debug|Any CPU
		{812DD75E-BA30-49E6-8567-A0A22430D016}.Debug|Any CPU.Build.0 = Debug|Any CPU
		{812DD75E-BA30-49E6-8567-A0A22430D016}.Release|Any CPU.ActiveCfg = Release|Any CPU
		{812DD75E-BA30-49E6-8567-A0A22430D016}.Release|Any CPU.Build.0 = Release|Any CPU
		{BCBCBBA2-6048-42A7-AEEF-E0344E8FC647}.Debug|Any CPU.ActiveCfg = Debug|Any CPU
		{BCBCBBA2-6048-42A7-AEEF-E0344E8FC647}.Debug|Any CPU.Build.0 = Debug|Any CPU
		{BCBCBBA2-6048-42A7-AEEF-E0344E8FC647}.Release|Any CPU.ActiveCfg = Release|Any CPU
		{BCBCBBA2-6048-42A7-AEEF-E0344E8FC647}.Release|Any CPU.Build.0 = Release|Any CPU
		{2AC512A4-E77D-49CF-A7FD-C62EF6AE0BA2}.Debug|Any CPU.ActiveCfg = Debug|Any CPU
		{2AC512A4-E77D-49CF-A7FD-C62EF6AE0BA2}.Debug|Any CPU.Build.0 = Debug|Any CPU
		{2AC512A4-E77D-49CF-A7FD-C62EF6AE0BA2}.Release|Any CPU.ActiveCfg = Release|Any CPU
		{2AC512A4-E77D-49CF-A7FD-C62EF6AE0BA2}.Release|Any CPU.Build.0 = Release|Any CPU
		{54B0F8F7-AE25-4640-B325-ABDA6DD0B6CD}.Debug|Any CPU.ActiveCfg = Debug|Any CPU
		{54B0F8F7-AE25-4640-B325-ABDA6DD0B6CD}.Debug|Any CPU.Build.0 = Debug|Any CPU
		{54B0F8F7-AE25-4640-B325-ABDA6DD0B6CD}.Release|Any CPU.ActiveCfg = Release|Any CPU
		{54B0F8F7-AE25-4640-B325-ABDA6DD0B6CD}.Release|Any CPU.Build.0 = Release|Any CPU
		{CE882FD3-88F5-4E24-8338-BB6FDDB64913}.Debug|Any CPU.ActiveCfg = Debug|Any CPU
		{CE882FD3-88F5-4E24-8338-BB6FDDB64913}.Debug|Any CPU.Build.0 = Debug|Any CPU
		{CE882FD3-88F5-4E24-8338-BB6FDDB64913}.Release|Any CPU.ActiveCfg = Release|Any CPU
		{CE882FD3-88F5-4E24-8338-BB6FDDB64913}.Release|Any CPU.Build.0 = Release|Any CPU
		{67A8E82B-6682-4EC8-B949-8D013FBB1A0D}.Debug|Any CPU.ActiveCfg = Debug|Any CPU
		{67A8E82B-6682-4EC8-B949-8D013FBB1A0D}.Debug|Any CPU.Build.0 = Debug|Any CPU
		{67A8E82B-6682-4EC8-B949-8D013FBB1A0D}.Release|Any CPU.ActiveCfg = Release|Any CPU
		{67A8E82B-6682-4EC8-B949-8D013FBB1A0D}.Release|Any CPU.Build.0 = Release|Any CPU
		{B4376C45-A186-4257-9907-FFF639056678}.Debug|Any CPU.ActiveCfg = Debug|Any CPU
		{B4376C45-A186-4257-9907-FFF639056678}.Debug|Any CPU.Build.0 = Debug|Any CPU
		{B4376C45-A186-4257-9907-FFF639056678}.Release|Any CPU.ActiveCfg = Release|Any CPU
		{B4376C45-A186-4257-9907-FFF639056678}.Release|Any CPU.Build.0 = Release|Any CPU
		{87555964-FC14-4A5C-AED1-C35936554E5E}.Debug|Any CPU.ActiveCfg = Debug|Any CPU
		{87555964-FC14-4A5C-AED1-C35936554E5E}.Debug|Any CPU.Build.0 = Debug|Any CPU
		{87555964-FC14-4A5C-AED1-C35936554E5E}.Release|Any CPU.ActiveCfg = Release|Any CPU
		{87555964-FC14-4A5C-AED1-C35936554E5E}.Release|Any CPU.Build.0 = Release|Any CPU
		{D8CE4B8B-92C2-4F99-AC6D-D52A9A635C72}.Debug|Any CPU.ActiveCfg = Debug|Any CPU
		{D8CE4B8B-92C2-4F99-AC6D-D52A9A635C72}.Debug|Any CPU.Build.0 = Debug|Any CPU
		{D8CE4B8B-92C2-4F99-AC6D-D52A9A635C72}.Release|Any CPU.ActiveCfg = Release|Any CPU
		{D8CE4B8B-92C2-4F99-AC6D-D52A9A635C72}.Release|Any CPU.Build.0 = Release|Any CPU
		{E5FF498D-FB94-467C-9081-A681ED85FDB4}.Debug|Any CPU.ActiveCfg = Debug|Any CPU
		{E5FF498D-FB94-467C-9081-A681ED85FDB4}.Debug|Any CPU.Build.0 = Debug|Any CPU
		{E5FF498D-FB94-467C-9081-A681ED85FDB4}.Release|Any CPU.ActiveCfg = Release|Any CPU
		{E5FF498D-FB94-467C-9081-A681ED85FDB4}.Release|Any CPU.Build.0 = Release|Any CPU
		{C61ABAEF-4E8C-43E2-AECA-748F1DDD27A0}.Debug|Any CPU.ActiveCfg = Debug|Any CPU
		{C61ABAEF-4E8C-43E2-AECA-748F1DDD27A0}.Debug|Any CPU.Build.0 = Debug|Any CPU
		{C61ABAEF-4E8C-43E2-AECA-748F1DDD27A0}.Release|Any CPU.ActiveCfg = Release|Any CPU
		{C61ABAEF-4E8C-43E2-AECA-748F1DDD27A0}.Release|Any CPU.Build.0 = Release|Any CPU
		{DD92E0C2-0CC5-4949-BF17-11219DCA0DC6}.Debug|Any CPU.ActiveCfg = Debug|Any CPU
		{DD92E0C2-0CC5-4949-BF17-11219DCA0DC6}.Debug|Any CPU.Build.0 = Debug|Any CPU
		{DD92E0C2-0CC5-4949-BF17-11219DCA0DC6}.Release|Any CPU.ActiveCfg = Release|Any CPU
		{DD92E0C2-0CC5-4949-BF17-11219DCA0DC6}.Release|Any CPU.Build.0 = Release|Any CPU
		{C26F159B-A146-4D0D-A148-704136A1B4C6}.Debug|Any CPU.ActiveCfg = Debug|Any CPU
		{C26F159B-A146-4D0D-A148-704136A1B4C6}.Debug|Any CPU.Build.0 = Debug|Any CPU
		{C26F159B-A146-4D0D-A148-704136A1B4C6}.Release|Any CPU.ActiveCfg = Release|Any CPU
		{C26F159B-A146-4D0D-A148-704136A1B4C6}.Release|Any CPU.Build.0 = Release|Any CPU
		{7F0C4D9C-096C-46C4-85A0-CBD94616D677}.Debug|Any CPU.ActiveCfg = Debug|Any CPU
		{7F0C4D9C-096C-46C4-85A0-CBD94616D677}.Debug|Any CPU.Build.0 = Debug|Any CPU
		{7F0C4D9C-096C-46C4-85A0-CBD94616D677}.Release|Any CPU.ActiveCfg = Release|Any CPU
		{7F0C4D9C-096C-46C4-85A0-CBD94616D677}.Release|Any CPU.Build.0 = Release|Any CPU
		{DAB49AE0-790B-4A23-AE90-94F604094249}.Debug|Any CPU.ActiveCfg = Debug|Any CPU
		{DAB49AE0-790B-4A23-AE90-94F604094249}.Debug|Any CPU.Build.0 = Debug|Any CPU
		{DAB49AE0-790B-4A23-AE90-94F604094249}.Release|Any CPU.ActiveCfg = Release|Any CPU
		{DAB49AE0-790B-4A23-AE90-94F604094249}.Release|Any CPU.Build.0 = Release|Any CPU
		{A9C898E4-18CB-4DAE-BCB2-6FC9BDD807F3}.Debug|Any CPU.ActiveCfg = Debug|Any CPU
		{A9C898E4-18CB-4DAE-BCB2-6FC9BDD807F3}.Debug|Any CPU.Build.0 = Debug|Any CPU
		{A9C898E4-18CB-4DAE-BCB2-6FC9BDD807F3}.Release|Any CPU.ActiveCfg = Release|Any CPU
		{A9C898E4-18CB-4DAE-BCB2-6FC9BDD807F3}.Release|Any CPU.Build.0 = Release|Any CPU
		{1BAE6447-F425-4D9D-A04A-B79A1EF983AB}.Debug|Any CPU.ActiveCfg = Debug|Any CPU
		{1BAE6447-F425-4D9D-A04A-B79A1EF983AB}.Debug|Any CPU.Build.0 = Debug|Any CPU
		{1BAE6447-F425-4D9D-A04A-B79A1EF983AB}.Release|Any CPU.ActiveCfg = Release|Any CPU
		{1BAE6447-F425-4D9D-A04A-B79A1EF983AB}.Release|Any CPU.Build.0 = Release|Any CPU
		{B805CC1A-52A8-4988-A844-6B2FFC6A381E}.Debug|Any CPU.ActiveCfg = Debug|Any CPU
		{B805CC1A-52A8-4988-A844-6B2FFC6A381E}.Debug|Any CPU.Build.0 = Debug|Any CPU
		{B805CC1A-52A8-4988-A844-6B2FFC6A381E}.Release|Any CPU.ActiveCfg = Release|Any CPU
		{B805CC1A-52A8-4988-A844-6B2FFC6A381E}.Release|Any CPU.Build.0 = Release|Any CPU
		{A07E57ED-FFF7-4A2E-9D84-9CFCBD4251AD}.Debug|Any CPU.ActiveCfg = Debug|Any CPU
		{A07E57ED-FFF7-4A2E-9D84-9CFCBD4251AD}.Debug|Any CPU.Build.0 = Debug|Any CPU
		{A07E57ED-FFF7-4A2E-9D84-9CFCBD4251AD}.Release|Any CPU.ActiveCfg = Release|Any CPU
		{A07E57ED-FFF7-4A2E-9D84-9CFCBD4251AD}.Release|Any CPU.Build.0 = Release|Any CPU
		{5A898EE8-64FF-48B9-9CCE-9125D0B31A76}.Debug|Any CPU.ActiveCfg = Debug|Any CPU
		{5A898EE8-64FF-48B9-9CCE-9125D0B31A76}.Debug|Any CPU.Build.0 = Debug|Any CPU
		{5A898EE8-64FF-48B9-9CCE-9125D0B31A76}.Release|Any CPU.ActiveCfg = Release|Any CPU
		{5A898EE8-64FF-48B9-9CCE-9125D0B31A76}.Release|Any CPU.Build.0 = Release|Any CPU
		{1E56E467-CFE4-47C3-9FA5-F765340CB74B}.Debug|Any CPU.ActiveCfg = Debug|Any CPU
		{1E56E467-CFE4-47C3-9FA5-F765340CB74B}.Debug|Any CPU.Build.0 = Debug|Any CPU
		{1E56E467-CFE4-47C3-9FA5-F765340CB74B}.Release|Any CPU.ActiveCfg = Release|Any CPU
		{1E56E467-CFE4-47C3-9FA5-F765340CB74B}.Release|Any CPU.Build.0 = Release|Any CPU
		{D4649ACA-723A-40D2-AFDE-0CF1B2225BA9}.Debug|Any CPU.ActiveCfg = Debug|Any CPU
		{D4649ACA-723A-40D2-AFDE-0CF1B2225BA9}.Debug|Any CPU.Build.0 = Debug|Any CPU
		{D4649ACA-723A-40D2-AFDE-0CF1B2225BA9}.Release|Any CPU.ActiveCfg = Release|Any CPU
		{D4649ACA-723A-40D2-AFDE-0CF1B2225BA9}.Release|Any CPU.Build.0 = Release|Any CPU
		{07477902-5389-4C92-AA57-4B8767DF8FDD}.Debug|Any CPU.ActiveCfg = Debug|Any CPU
		{07477902-5389-4C92-AA57-4B8767DF8FDD}.Debug|Any CPU.Build.0 = Debug|Any CPU
		{07477902-5389-4C92-AA57-4B8767DF8FDD}.Release|Any CPU.ActiveCfg = Release|Any CPU
		{07477902-5389-4C92-AA57-4B8767DF8FDD}.Release|Any CPU.Build.0 = Release|Any CPU
	EndGlobalSection
	GlobalSection(SolutionProperties) = preSolution
		HideSolutionNode = FALSE
	EndGlobalSection
	GlobalSection(NestedProjects) = preSolution
		{9779389E-AF42-4610-B3FC-A62A91FF6DE8} = {11542472-2BF1-4DB8-A124-CE15545BF6C9}
		{812DD75E-BA30-49E6-8567-A0A22430D016} = {11542472-2BF1-4DB8-A124-CE15545BF6C9}
		{BCBCBBA2-6048-42A7-AEEF-E0344E8FC647} = {11542472-2BF1-4DB8-A124-CE15545BF6C9}
		{2AC512A4-E77D-49CF-A7FD-C62EF6AE0BA2} = {11542472-2BF1-4DB8-A124-CE15545BF6C9}
		{54B0F8F7-AE25-4640-B325-ABDA6DD0B6CD} = {11542472-2BF1-4DB8-A124-CE15545BF6C9}
		{CE882FD3-88F5-4E24-8338-BB6FDDB64913} = {11542472-2BF1-4DB8-A124-CE15545BF6C9}
		{67A8E82B-6682-4EC8-B949-8D013FBB1A0D} = {11542472-2BF1-4DB8-A124-CE15545BF6C9}
		{B4376C45-A186-4257-9907-FFF639056678} = {11542472-2BF1-4DB8-A124-CE15545BF6C9}
		{87555964-FC14-4A5C-AED1-C35936554E5E} = {0348CDF2-A936-4020-9CA9-653C064AFCD1}
		{D8CE4B8B-92C2-4F99-AC6D-D52A9A635C72} = {0348CDF2-A936-4020-9CA9-653C064AFCD1}
		{E5FF498D-FB94-467C-9081-A681ED85FDB4} = {0348CDF2-A936-4020-9CA9-653C064AFCD1}
		{C61ABAEF-4E8C-43E2-AECA-748F1DDD27A0} = {0348CDF2-A936-4020-9CA9-653C064AFCD1}
		{DD92E0C2-0CC5-4949-BF17-11219DCA0DC6} = {0348CDF2-A936-4020-9CA9-653C064AFCD1}
		{C26F159B-A146-4D0D-A148-704136A1B4C6} = {0348CDF2-A936-4020-9CA9-653C064AFCD1}
		{7F0C4D9C-096C-46C4-85A0-CBD94616D677} = {0348CDF2-A936-4020-9CA9-653C064AFCD1}
		{DAB49AE0-790B-4A23-AE90-94F604094249} = {1E8B5FBB-0FF3-4108-AE9F-E1E95A26F4DF}
		{A9C898E4-18CB-4DAE-BCB2-6FC9BDD807F3} = {1E8B5FBB-0FF3-4108-AE9F-E1E95A26F4DF}
		{1BAE6447-F425-4D9D-A04A-B79A1EF983AB} = {1E8B5FBB-0FF3-4108-AE9F-E1E95A26F4DF}
		{B805CC1A-52A8-4988-A844-6B2FFC6A381E} = {1E8B5FBB-0FF3-4108-AE9F-E1E95A26F4DF}
		{A07E57ED-FFF7-4A2E-9D84-9CFCBD4251AD} = {1E8B5FBB-0FF3-4108-AE9F-E1E95A26F4DF}
		{5A898EE8-64FF-48B9-9CCE-9125D0B31A76} = {1E8B5FBB-0FF3-4108-AE9F-E1E95A26F4DF}
		{1E56E467-CFE4-47C3-9FA5-F765340CB74B} = {1E8B5FBB-0FF3-4108-AE9F-E1E95A26F4DF}
		{D4649ACA-723A-40D2-AFDE-0CF1B2225BA9} = {11542472-2BF1-4DB8-A124-CE15545BF6C9}
		{07477902-5389-4C92-AA57-4B8767DF8FDD} = {11542472-2BF1-4DB8-A124-CE15545BF6C9}
	EndGlobalSection
	GlobalSection(ExtensibilityGlobals) = postSolution
		SolutionGuid = {E10A223F-DB86-4F9A-9FCE-B15A7A855840}
	EndGlobalSection
EndGlobal
