
Microsoft Visual Studio Solution File, Format Version 12.00
# Visual Studio Version 16
VisualStudioVersion = 16.0.28803.156
MinimumVisualStudioVersion = 10.0.40219.1
Project("{9A19103F-16F7-4668-BE54-9A1E7A4F7556}") = "WebApiCoreFx", "BaseFrameworkDemo\WebApiCoreFx\WebApiCoreFx.csproj", "{9779389E-AF42-4610-B3FC-A62A91FF6DE8}"
EndProject
Project("{9A19103F-16F7-4668-BE54-9A1E7A4F7556}") = "DBLayer", "BaseFrameworkDemo\DBLayer\DBLayer.csproj", "{812DD75E-BA30-49E6-8567-A0A22430D016}"
EndProject
Project("{9A19103F-16F7-4668-BE54-9A1E7A4F7556}") = "IDBLayer", "BaseFrameworkDemo\IDBLayer\IDBLayer.csproj", "{BCBCBBA2-6048-42A7-AEEF-E0344E8FC647}"
EndProject
Project("{9A19103F-16F7-4668-BE54-9A1E7A4F7556}") = "DBModel", "BaseFrameworkDemo\DBModel\DBModel.csproj", "{2AC512A4-E77D-49CF-A7FD-C62EF6AE0BA2}"
EndProject
Project("{9A19103F-16F7-4668-BE54-9A1E7A4F7556}") = "ILogicLayer", "BaseFrameworkDemo\ILogicLayer\ILogicLayer.csproj", "{54B0F8F7-AE25-4640-B325-ABDA6DD0B6CD}"
EndProject
Project("{9A19103F-16F7-4668-BE54-9A1E7A4F7556}") = "LogicLayer", "BaseFrameworkDemo\LogicLayer\LogicLayer.csproj", "{CE882FD3-88F5-4E24-8338-BB6FDDB64913}"
EndProject
Project("{9A19103F-16F7-4668-BE54-9A1E7A4F7556}") = "UserCenterApi", "BaseFrameworkDemo\UserCenterApi\UserCenterApi.csproj", "{B4376C45-A186-4257-9907-FFF639056678}"
EndProject
Project("{2150E333-8FDC-42A3-9474-1A3956D46DE8}") = "BaseFrameworkDemo", "BaseFrameworkDemo", "{11542472-2BF1-4DB8-A124-CE15545BF6C9}"
EndProject
Project("{9A19103F-16F7-4668-BE54-9A1E7A4F7556}") = "AopDLL", "BaseFrameworkDemo\AopDLL\AopDLL.csproj", "{D4649ACA-723A-40D2-AFDE-0CF1B2225BA9}"
EndProject
Project("{9A19103F-16F7-4668-BE54-9A1E7A4F7556}") = "CustomizeMiddleware", "BaseFrameworkDemo\CustomizeMiddleware\CustomizeMiddleware.csproj", "{07477902-5389-4C92-AA57-4B8767DF8FDD}"
EndProject
Project("{9A19103F-16F7-4668-BE54-9A1E7A4F7556}") = "WxAppUtil", "BaseFrameworkDemo\WxAppUtil\WxAppUtil.csproj", "{E84CAEAD-1A0F-410C-A967-2C04914CA22D}"
EndProject
Project("{9A19103F-16F7-4668-BE54-9A1E7A4F7556}") = "EFCoreDBLayer", "BaseFrameworkDemo\EFCoreDBLayer\EFCoreDBLayer.csproj", "{14B4EAD7-7574-453E-8124-B8E2AD42BB32}"
EndProject
Project("{9A19103F-16F7-4668-BE54-9A1E7A4F7556}") = "TaskLib", "BaseFrameworkDemo\TaskLib\TaskLib.csproj", "{266D8AD2-0B8D-4AFC-9DCC-AB2D5988655A}"
EndProject
Project("{2150E333-8FDC-42A3-9474-1A3956D46DE8}") = "OcelotGateway", "OcelotGateway", "{8993CE68-833E-4E03-A806-01B98089D3D5}"
EndProject
Project("{9A19103F-16F7-4668-BE54-9A1E7A4F7556}") = "Ocelot.GatewayProj", "OcelotGateway\Ocelot.GatewayProj\Ocelot.GatewayProj.csproj", "{1E8F981D-2EF0-4001-8B6C-D3CFA11A9203}"
EndProject
Project("{FAE04EC0-301F-11D3-BF4B-00C04F79EFBC}") = "Ocelot.ConsulExtensions", "BaseFrameworkDemo\Ocelot.ConsulExtensions\Ocelot.ConsulExtensions.csproj", "{A9CC57E6-D33A-467F-9196-460EEDE02533}"
EndProject
Global
	GlobalSection(SolutionConfigurationPlatforms) = preSolution
		Debug|Any CPU = Debug|Any CPU
		Release|Any CPU = Release|Any CPU
	EndGlobalSection
	GlobalSection(ProjectConfigurationPlatforms) = postSolution
		{9779389E-AF42-4610-B3FC-A62A91FF6DE8}.Debug|Any CPU.ActiveCfg = Debug|Any CPU
		{9779389E-AF42-4610-B3FC-A62A91FF6DE8}.Debug|Any CPU.Build.0 = Debug|Any CPU
		{9779389E-AF42-4610-B3FC-A62A91FF6DE8}.Release|Any CPU.ActiveCfg = Release|Any CPU
		{9779389E-AF42-4610-B3FC-A62A91FF6DE8}.Release|Any CPU.Build.0 = Release|Any CPU
		{812DD75E-BA30-49E6-8567-A0A22430D016}.Debug|Any CPU.ActiveCfg = Debug|Any CPU
		{812DD75E-BA30-49E6-8567-A0A22430D016}.Debug|Any CPU.Build.0 = Debug|Any CPU
		{812DD75E-BA30-49E6-8567-A0A22430D016}.Release|Any CPU.ActiveCfg = Release|Any CPU
		{812DD75E-BA30-49E6-8567-A0A22430D016}.Release|Any CPU.Build.0 = Release|Any CPU
		{BCBCBBA2-6048-42A7-AEEF-E0344E8FC647}.Debug|Any CPU.ActiveCfg = Debug|Any CPU
		{BCBCBBA2-6048-42A7-AEEF-E0344E8FC647}.Debug|Any CPU.Build.0 = Debug|Any CPU
		{BCBCBBA2-6048-42A7-AEEF-E0344E8FC647}.Release|Any CPU.ActiveCfg = Release|Any CPU
		{BCBCBBA2-6048-42A7-AEEF-E0344E8FC647}.Release|Any CPU.Build.0 = Release|Any CPU
		{2AC512A4-E77D-49CF-A7FD-C62EF6AE0BA2}.Debug|Any CPU.ActiveCfg = Debug|Any CPU
		{2AC512A4-E77D-49CF-A7FD-C62EF6AE0BA2}.Debug|Any CPU.Build.0 = Debug|Any CPU
		{2AC512A4-E77D-49CF-A7FD-C62EF6AE0BA2}.Release|Any CPU.ActiveCfg = Release|Any CPU
		{2AC512A4-E77D-49CF-A7FD-C62EF6AE0BA2}.Release|Any CPU.Build.0 = Release|Any CPU
		{54B0F8F7-AE25-4640-B325-ABDA6DD0B6CD}.Debug|Any CPU.ActiveCfg = Debug|Any CPU
		{54B0F8F7-AE25-4640-B325-ABDA6DD0B6CD}.Debug|Any CPU.Build.0 = Debug|Any CPU
		{54B0F8F7-AE25-4640-B325-ABDA6DD0B6CD}.Release|Any CPU.ActiveCfg = Release|Any CPU
		{54B0F8F7-AE25-4640-B325-ABDA6DD0B6CD}.Release|Any CPU.Build.0 = Release|Any CPU
		{CE882FD3-88F5-4E24-8338-BB6FDDB64913}.Debug|Any CPU.ActiveCfg = Debug|Any CPU
		{CE882FD3-88F5-4E24-8338-BB6FDDB64913}.Debug|Any CPU.Build.0 = Debug|Any CPU
		{CE882FD3-88F5-4E24-8338-BB6FDDB64913}.Release|Any CPU.ActiveCfg = Release|Any CPU
		{CE882FD3-88F5-4E24-8338-BB6FDDB64913}.Release|Any CPU.Build.0 = Release|Any CPU
		{B4376C45-A186-4257-9907-FFF639056678}.Debug|Any CPU.ActiveCfg = Debug|Any CPU
		{B4376C45-A186-4257-9907-FFF639056678}.Debug|Any CPU.Build.0 = Debug|Any CPU
		{B4376C45-A186-4257-9907-FFF639056678}.Release|Any CPU.ActiveCfg = Release|Any CPU
		{B4376C45-A186-4257-9907-FFF639056678}.Release|Any CPU.Build.0 = Release|Any CPU
		{D4649ACA-723A-40D2-AFDE-0CF1B2225BA9}.Debug|Any CPU.ActiveCfg = Debug|Any CPU
		{D4649ACA-723A-40D2-AFDE-0CF1B2225BA9}.Debug|Any CPU.Build.0 = Debug|Any CPU
		{D4649ACA-723A-40D2-AFDE-0CF1B2225BA9}.Release|Any CPU.ActiveCfg = Release|Any CPU
		{D4649ACA-723A-40D2-AFDE-0CF1B2225BA9}.Release|Any CPU.Build.0 = Release|Any CPU
		{07477902-5389-4C92-AA57-4B8767DF8FDD}.Debug|Any CPU.ActiveCfg = Debug|Any CPU
		{07477902-5389-4C92-AA57-4B8767DF8FDD}.Debug|Any CPU.Build.0 = Debug|Any CPU
		{07477902-5389-4C92-AA57-4B8767DF8FDD}.Release|Any CPU.ActiveCfg = Release|Any CPU
		{07477902-5389-4C92-AA57-4B8767DF8FDD}.Release|Any CPU.Build.0 = Release|Any CPU
		{E84CAEAD-1A0F-410C-A967-2C04914CA22D}.Debug|Any CPU.ActiveCfg = Debug|Any CPU
		{E84CAEAD-1A0F-410C-A967-2C04914CA22D}.Debug|Any CPU.Build.0 = Debug|Any CPU
		{E84CAEAD-1A0F-410C-A967-2C04914CA22D}.Release|Any CPU.ActiveCfg = Release|Any CPU
		{E84CAEAD-1A0F-410C-A967-2C04914CA22D}.Release|Any CPU.Build.0 = Release|Any CPU
		{14B4EAD7-7574-453E-8124-B8E2AD42BB32}.Debug|Any CPU.ActiveCfg = Debug|Any CPU
		{14B4EAD7-7574-453E-8124-B8E2AD42BB32}.Debug|Any CPU.Build.0 = Debug|Any CPU
		{14B4EAD7-7574-453E-8124-B8E2AD42BB32}.Release|Any CPU.ActiveCfg = Release|Any CPU
		{14B4EAD7-7574-453E-8124-B8E2AD42BB32}.Release|Any CPU.Build.0 = Release|Any CPU
		{266D8AD2-0B8D-4AFC-9DCC-AB2D5988655A}.Debug|Any CPU.ActiveCfg = Debug|Any CPU
		{266D8AD2-0B8D-4AFC-9DCC-AB2D5988655A}.Debug|Any CPU.Build.0 = Debug|Any CPU
		{266D8AD2-0B8D-4AFC-9DCC-AB2D5988655A}.Release|Any CPU.ActiveCfg = Release|Any CPU
		{266D8AD2-0B8D-4AFC-9DCC-AB2D5988655A}.Release|Any CPU.Build.0 = Release|Any CPU
		{1E8F981D-2EF0-4001-8B6C-D3CFA11A9203}.Debug|Any CPU.ActiveCfg = Debug|Any CPU
		{1E8F981D-2EF0-4001-8B6C-D3CFA11A9203}.Debug|Any CPU.Build.0 = Debug|Any CPU
		{1E8F981D-2EF0-4001-8B6C-D3CFA11A9203}.Release|Any CPU.ActiveCfg = Release|Any CPU
		{1E8F981D-2EF0-4001-8B6C-D3CFA11A9203}.Release|Any CPU.Build.0 = Release|Any CPU
		{A9CC57E6-D33A-467F-9196-460EEDE02533}.Debug|Any CPU.ActiveCfg = Debug|Any CPU
		{A9CC57E6-D33A-467F-9196-460EEDE02533}.Debug|Any CPU.Build.0 = Debug|Any CPU
		{A9CC57E6-D33A-467F-9196-460EEDE02533}.Release|Any CPU.ActiveCfg = Release|Any CPU
		{A9CC57E6-D33A-467F-9196-460EEDE02533}.Release|Any CPU.Build.0 = Release|Any CPU
	EndGlobalSection
	GlobalSection(SolutionProperties) = preSolution
		HideSolutionNode = FALSE
	EndGlobalSection
	GlobalSection(NestedProjects) = preSolution
		{9779389E-AF42-4610-B3FC-A62A91FF6DE8} = {11542472-2BF1-4DB8-A124-CE15545BF6C9}
		{812DD75E-BA30-49E6-8567-A0A22430D016} = {11542472-2BF1-4DB8-A124-CE15545BF6C9}
		{BCBCBBA2-6048-42A7-AEEF-E0344E8FC647} = {11542472-2BF1-4DB8-A124-CE15545BF6C9}
		{2AC512A4-E77D-49CF-A7FD-C62EF6AE0BA2} = {11542472-2BF1-4DB8-A124-CE15545BF6C9}
		{54B0F8F7-AE25-4640-B325-ABDA6DD0B6CD} = {11542472-2BF1-4DB8-A124-CE15545BF6C9}
		{CE882FD3-88F5-4E24-8338-BB6FDDB64913} = {11542472-2BF1-4DB8-A124-CE15545BF6C9}
		{B4376C45-A186-4257-9907-FFF639056678} = {11542472-2BF1-4DB8-A124-CE15545BF6C9}
		{D4649ACA-723A-40D2-AFDE-0CF1B2225BA9} = {11542472-2BF1-4DB8-A124-CE15545BF6C9}
		{07477902-5389-4C92-AA57-4B8767DF8FDD} = {11542472-2BF1-4DB8-A124-CE15545BF6C9}
		{E84CAEAD-1A0F-410C-A967-2C04914CA22D} = {11542472-2BF1-4DB8-A124-CE15545BF6C9}
		{14B4EAD7-7574-453E-8124-B8E2AD42BB32} = {11542472-2BF1-4DB8-A124-CE15545BF6C9}
		{266D8AD2-0B8D-4AFC-9DCC-AB2D5988655A} = {11542472-2BF1-4DB8-A124-CE15545BF6C9}
		{1E8F981D-2EF0-4001-8B6C-D3CFA11A9203} = {8993CE68-833E-4E03-A806-01B98089D3D5}
		{A9CC57E6-D33A-467F-9196-460EEDE02533} = {11542472-2BF1-4DB8-A124-CE15545BF6C9}
	EndGlobalSection
	GlobalSection(ExtensibilityGlobals) = postSolution
		SolutionGuid = {E10A223F-DB86-4F9A-9FCE-B15A7A855840}
	EndGlobalSection
EndGlobal
